// !$*UTF8*$!
{
	archiveVersion = 1;
	classes = {
	};
	objectVersion = 56;
	objects = {

/* Begin PBXBuildFile section */
		71E7F66A2A09429F002E042A /* Private_Exchange_RateApp.swift in Sources */ = {isa = PBXBuildFile; fileRef = 71E7F6692A09429F002E042A /* Private_Exchange_RateApp.swift */; };
		71E7F66C2A09429F002E042A /* ContentView.swift in Sources */ = {isa = PBXBuildFile; fileRef = 71E7F66B2A09429F002E042A /* ContentView.swift */; };
		71E7F66E2A0942A0002E042A /* Assets.xcassets in Resources */ = {isa = PBXBuildFile; fileRef = 71E7F66D2A0942A0002E042A /* Assets.xcassets */; };
		71E7F6712A0942A0002E042A /* Preview Assets.xcassets in Resources */ = {isa = PBXBuildFile; fileRef = 71E7F6702A0942A0002E042A /* Preview Assets.xcassets */; };
		71E7F67B2A0942A1002E042A /* Private_Exchange_RateTests.swift in Sources */ = {isa = PBXBuildFile; fileRef = 71E7F67A2A0942A1002E042A /* Private_Exchange_RateTests.swift */; };
		71E7F6852A0942A1002E042A /* Private_Exchange_RateUITests.swift in Sources */ = {isa = PBXBuildFile; fileRef = 71E7F6842A0942A1002E042A /* Private_Exchange_RateUITests.swift */; };
		71E7F6872A0942A1002E042A /* Private_Exchange_RateUITestsLaunchTests.swift in Sources */ = {isa = PBXBuildFile; fileRef = 71E7F6862A0942A1002E042A /* Private_Exchange_RateUITestsLaunchTests.swift */; };
/* End PBXBuildFile section */

/* Begin PBXContainerItemProxy section */
		71E7F6772A0942A1002E042A /* PBXContainerItemProxy */ = {
			isa = PBXContainerItemProxy;
			containerPortal = 71E7F65E2A09429F002E042A /* Project object */;
			proxyType = 1;
			remoteGlobalIDString = 71E7F6652A09429F002E042A;
			remoteInfo = "Private Exchange Rate";
		};
		71E7F6812A0942A1002E042A /* PBXContainerItemProxy */ = {
			isa = PBXContainerItemProxy;
			containerPortal = 71E7F65E2A09429F002E042A /* Project object */;
			proxyType = 1;
			remoteGlobalIDString = 71E7F6652A09429F002E042A;
			remoteInfo = "Private Exchange Rate";
		};
/* End PBXContainerItemProxy section */

/* Begin PBXFileReference section */
		71E7F6662A09429F002E042A /* Private Exchange Rate.app */ = {isa = PBXFileReference; explicitFileType = wrapper.application; includeInIndex = 0; path = "Private Exchange Rate.app"; sourceTree = BUILT_PRODUCTS_DIR; };
		71E7F6692A09429F002E042A /* Private_Exchange_RateApp.swift */ = {isa = PBXFileReference; lastKnownFileType = sourcecode.swift; path = Private_Exchange_RateApp.swift; sourceTree = "<group>"; };
		71E7F66B2A09429F002E042A /* ContentView.swift */ = {isa = PBXFileReference; lastKnownFileType = sourcecode.swift; path = ContentView.swift; sourceTree = "<group>"; };
		71E7F66D2A0942A0002E042A /* Assets.xcassets */ = {isa = PBXFileReference; lastKnownFileType = folder.assetcatalog; path = Assets.xcassets; sourceTree = "<group>"; };
		71E7F6702A0942A0002E042A /* Preview Assets.xcassets */ = {isa = PBXFileReference; lastKnownFileType = folder.assetcatalog; path = "Preview Assets.xcassets"; sourceTree = "<group>"; };
		71E7F6762A0942A1002E042A /* Private Exchange RateTests.xctest */ = {isa = PBXFileReference; explicitFileType = wrapper.cfbundle; includeInIndex = 0; path = "Private Exchange RateTests.xctest"; sourceTree = BUILT_PRODUCTS_DIR; };
		71E7F67A2A0942A1002E042A /* Private_Exchange_RateTests.swift */ = {isa = PBXFileReference; lastKnownFileType = sourcecode.swift; path = Private_Exchange_RateTests.swift; sourceTree = "<group>"; };
		71E7F6802A0942A1002E042A /* Private Exchange RateUITests.xctest */ = {isa = PBXFileReference; explicitFileType = wrapper.cfbundle; includeInIndex = 0; path = "Private Exchange RateUITests.xctest"; sourceTree = BUILT_PRODUCTS_DIR; };
		71E7F6842A0942A1002E042A /* Private_Exchange_RateUITests.swift */ = {isa = PBXFileReference; lastKnownFileType = sourcecode.swift; path = Private_Exchange_RateUITests.swift; sourceTree = "<group>"; };
		71E7F6862A0942A1002E042A /* Private_Exchange_RateUITestsLaunchTests.swift */ = {isa = PBXFileReference; lastKnownFileType = sourcecode.swift; path = Private_Exchange_RateUITestsLaunchTests.swift; sourceTree = "<group>"; };
/* End PBXFileReference section */

/* Begin PBXFrameworksBuildPhase section */
		71E7F6632A09429F002E042A /* Frameworks */ = {
			isa = PBXFrameworksBuildPhase;
			buildActionMask = 2147483647;
			files = (
			);
			runOnlyForDeploymentPostprocessing = 0;
		};
		71E7F6732A0942A1002E042A /* Frameworks */ = {
			isa = PBXFrameworksBuildPhase;
			buildActionMask = 2147483647;
			files = (
			);
			runOnlyForDeploymentPostprocessing = 0;
		};
		71E7F67D2A0942A1002E042A /* Frameworks */ = {
			isa = PBXFrameworksBuildPhase;
			buildActionMask = 2147483647;
			files = (
			);
			runOnlyForDeploymentPostprocessing = 0;
		};
/* End PBXFrameworksBuildPhase section */

/* Begin PBXGroup section */
		71E7F65D2A09429F002E042A = {
			isa = PBXGroup;
			children = (
				71E7F6682A09429F002E042A /* Private Exchange Rate */,
				71E7F6792A0942A1002E042A /* Private Exchange RateTests */,
				71E7F6832A0942A1002E042A /* Private Exchange RateUITests */,
				71E7F6672A09429F002E042A /* Products */,
			);
			sourceTree = "<group>";
		};
		71E7F6672A09429F002E042A /* Products */ = {
			isa = PBXGroup;
			children = (
				71E7F6662A09429F002E042A /* Private Exchange Rate.app */,
				71E7F6762A0942A1002E042A /* Private Exchange RateTests.xctest */,
				71E7F6802A0942A1002E042A /* Private Exchange RateUITests.xctest */,
			);
			name = Products;
			sourceTree = "<group>";
		};
		71E7F6682A09429F002E042A /* Private Exchange Rate */ = {
			isa = PBXGroup;
			children = (
				71E7F6692A09429F002E042A /* Private_Exchange_RateApp.swift */,
				71E7F66B2A09429F002E042A /* ContentView.swift */,
				71E7F66D2A0942A0002E042A /* Assets.xcassets */,
				71E7F66F2A0942A0002E042A /* Preview Content */,
			);
			path = "Private Exchange Rate";
			sourceTree = "<group>";
		};
		71E7F66F2A0942A0002E042A /* Preview Content */ = {
			isa = PBXGroup;
			children = (
				71E7F6702A0942A0002E042A /* Preview Assets.xcassets */,
			);
			path = "Preview Content";
			sourceTree = "<group>";
		};
		71E7F6792A0942A1002E042A /* Private Exchange RateTests */ = {
			isa = PBXGroup;
			children = (
				71E7F67A2A0942A1002E042A /* Private_Exchange_RateTests.swift */,
			);
			path = "Private Exchange RateTests";
			sourceTree = "<group>";
		};
		71E7F6832A0942A1002E042A /* Private Exchange RateUITests */ = {
			isa = PBXGroup;
			children = (
				71E7F6842A0942A1002E042A /* Private_Exchange_RateUITests.swift */,
				71E7F6862A0942A1002E042A /* Private_Exchange_RateUITestsLaunchTests.swift */,
			);
			path = "Private Exchange RateUITests";
			sourceTree = "<group>";
		};
/* End PBXGroup section */

/* Begin PBXNativeTarget section */
		71E7F6652A09429F002E042A /* Private Exchange Rate */ = {
			isa = PBXNativeTarget;
			buildConfigurationList = 71E7F68A2A0942A1002E042A /* Build configuration list for PBXNativeTarget "Private Exchange Rate" */;
			buildPhases = (
				71E7F6622A09429F002E042A /* Sources */,
				71E7F6632A09429F002E042A /* Frameworks */,
				71E7F6642A09429F002E042A /* Resources */,
			);
			buildRules = (
			);
			dependencies = (
			);
			name = "Private Exchange Rate";
			productName = "Private Exchange Rate";
			productReference = 71E7F6662A09429F002E042A /* Private Exchange Rate.app */;
			productType = "com.apple.product-type.application";
		};
		71E7F6752A0942A1002E042A /* Private Exchange RateTests */ = {
			isa = PBXNativeTarget;
			buildConfigurationList = 71E7F68D2A0942A1002E042A /* Build configuration list for PBXNativeTarget "Private Exchange RateTests" */;
			buildPhases = (
				71E7F6722A0942A1002E042A /* Sources */,
				71E7F6732A0942A1002E042A /* Frameworks */,
				71E7F6742A0942A1002E042A /* Resources */,
			);
			buildRules = (
			);
			dependencies = (
				71E7F6782A0942A1002E042A /* PBXTargetDependency */,
			);
			name = "Private Exchange RateTests";
			productName = "Private Exchange RateTests";
			productReference = 71E7F6762A0942A1002E042A /* Private Exchange RateTests.xctest */;
			productType = "com.apple.product-type.bundle.unit-test";
		};
		71E7F67F2A0942A1002E042A /* Private Exchange RateUITests */ = {
			isa = PBXNativeTarget;
			buildConfigurationList = 71E7F6902A0942A1002E042A /* Build configuration list for PBXNativeTarget "Private Exchange RateUITests" */;
			buildPhases = (
				71E7F67C2A0942A1002E042A /* Sources */,
				71E7F67D2A0942A1002E042A /* Frameworks */,
				71E7F67E2A0942A1002E042A /* Resources */,
			);
			buildRules = (
			);
			dependencies = (
				71E7F6822A0942A1002E042A /* PBXTargetDependency */,
			);
			name = "Private Exchange RateUITests";
			productName = "Private Exchange RateUITests";
			productReference = 71E7F6802A0942A1002E042A /* Private Exchange RateUITests.xctest */;
			productType = "com.apple.product-type.bundle.ui-testing";
		};
/* End PBXNativeTarget section */

/* Begin PBXProject section */
		71E7F65E2A09429F002E042A /* Project object */ = {
			isa = PBXProject;
			attributes = {
				BuildIndependentTargetsInParallel = 1;
				LastSwiftUpdateCheck = 1430;
				LastUpgradeCheck = 1430;
				TargetAttributes = {
					71E7F6652A09429F002E042A = {
						CreatedOnToolsVersion = 14.3;
					};
					71E7F6752A0942A1002E042A = {
						CreatedOnToolsVersion = 14.3;
						TestTargetID = 71E7F6652A09429F002E042A;
					};
					71E7F67F2A0942A1002E042A = {
						CreatedOnToolsVersion = 14.3;
						TestTargetID = 71E7F6652A09429F002E042A;
					};
				};
			};
			buildConfigurationList = 71E7F6612A09429F002E042A /* Build configuration list for PBXProject "Private Exchange Rate" */;
			compatibilityVersion = "Xcode 14.0";
			developmentRegion = en;
			hasScannedForEncodings = 0;
			knownRegions = (
				en,
				Base,
			);
			mainGroup = 71E7F65D2A09429F002E042A;
			productRefGroup = 71E7F6672A09429F002E042A /* Products */;
			projectDirPath = "";
			projectRoot = "";
			targets = (
				71E7F6652A09429F002E042A /* Private Exchange Rate */,
				71E7F6752A0942A1002E042A /* Private Exchange RateTests */,
				71E7F67F2A0942A1002E042A /* Private Exchange RateUITests */,
			);
		};
/* End PBXProject section */

/* Begin PBXResourcesBuildPhase section */
		71E7F6642A09429F002E042A /* Resources */ = {
			isa = PBXResourcesBuildPhase;
			buildActionMask = 2147483647;
			files = (
				71E7F6712A0942A0002E042A /* Preview Assets.xcassets in Resources */,
				71E7F66E2A0942A0002E042A /* Assets.xcassets in Resources */,
			);
			runOnlyForDeploymentPostprocessing = 0;
		};
		71E7F6742A0942A1002E042A /* Resources */ = {
			isa = PBXResourcesBuildPhase;
			buildActionMask = 2147483647;
			files = (
			);
			runOnlyForDeploymentPostprocessing = 0;
		};
		71E7F67E2A0942A1002E042A /* Resources */ = {
			isa = PBXResourcesBuildPhase;
			buildActionMask = 2147483647;
			files = (
			);
			runOnlyForDeploymentPostprocessing = 0;
		};
/* End PBXResourcesBuildPhase section */

/* Begin PBXSourcesBuildPhase section */
		71E7F6622A09429F002E042A /* Sources */ = {
			isa = PBXSourcesBuildPhase;
			buildActionMask = 2147483647;
			files = (
				71E7F66C2A09429F002E042A /* ContentView.swift in Sources */,
				71E7F66A2A09429F002E042A /* Private_Exchange_RateApp.swift in Sources */,
			);
			runOnlyForDeploymentPostprocessing = 0;
		};
		71E7F6722A0942A1002E042A /* Sources */ = {
			isa = PBXSourcesBuildPhase;
			buildActionMask = 2147483647;
			files = (
				71E7F67B2A0942A1002E042A /* Private_Exchange_RateTests.swift in Sources */,
			);
			runOnlyForDeploymentPostprocessing = 0;
		};
		71E7F67C2A0942A1002E042A /* Sources */ = {
			isa = PBXSourcesBuildPhase;
			buildActionMask = 2147483647;
			files = (
				71E7F6852A0942A1002E042A /* Private_Exchange_RateUITests.swift in Sources */,
				71E7F6872A0942A1002E042A /* Private_Exchange_RateUITestsLaunchTests.swift in Sources */,
			);
			runOnlyForDeploymentPostprocessing = 0;
		};
/* End PBXSourcesBuildPhase section */

/* Begin PBXTargetDependency section */
		71E7F6782A0942A1002E042A /* PBXTargetDependency */ = {
			isa = PBXTargetDependency;
			target = 71E7F6652A09429F002E042A /* Private Exchange Rate */;
			targetProxy = 71E7F6772A0942A1002E042A /* PBXContainerItemProxy */;
		};
		71E7F6822A0942A1002E042A /* PBXTargetDependency */ = {
			isa = PBXTargetDependency;
			target = 71E7F6652A09429F002E042A /* Private Exchange Rate */;
			targetProxy = 71E7F6812A0942A1002E042A /* PBXContainerItemProxy */;
		};
/* End PBXTargetDependency section */

/* Begin XCBuildConfiguration section */
		71E7F6882A0942A1002E042A /* Debug */ = {
			isa = XCBuildConfiguration;
			buildSettings = {
				ALWAYS_SEARCH_USER_PATHS = NO;
				CLANG_ANALYZER_NONNULL = YES;
				CLANG_ANALYZER_NUMBER_OBJECT_CONVERSION = YES_AGGRESSIVE;
				CLANG_CXX_LANGUAGE_STANDARD = "gnu++20";
				CLANG_ENABLE_MODULES = YES;
				CLANG_ENABLE_OBJC_ARC = YES;
				CLANG_ENABLE_OBJC_WEAK = YES;
				CLANG_WARN_BLOCK_CAPTURE_AUTORELEASING = YES;
				CLANG_WARN_BOOL_CONVERSION = YES;
				CLANG_WARN_COMMA = YES;
				CLANG_WARN_CONSTANT_CONVERSION = YES;
				CLANG_WARN_DEPRECATED_OBJC_IMPLEMENTATIONS = YES;
				CLANG_WARN_DIRECT_OBJC_ISA_USAGE = YES_ERROR;
				CLANG_WARN_DOCUMENTATION_COMMENTS = YES;
				CLANG_WARN_EMPTY_BODY = YES;
				CLANG_WARN_ENUM_CONVERSION = YES;
				CLANG_WARN_INFINITE_RECURSION = YES;
				CLANG_WARN_INT_CONVERSION = YES;
				CLANG_WARN_NON_LITERAL_NULL_CONVERSION = YES;
				CLANG_WARN_OBJC_IMPLICIT_RETAIN_SELF = YES;
				CLANG_WARN_OBJC_LITERAL_CONVERSION = YES;
				CLANG_WARN_OBJC_ROOT_CLASS = YES_ERROR;
				CLANG_WARN_QUOTED_INCLUDE_IN_FRAMEWORK_HEADER = YES;
				CLANG_WARN_RANGE_LOOP_ANALYSIS = YES;
				CLANG_WARN_STRICT_PROTOTYPES = YES;
				CLANG_WARN_SUSPICIOUS_MOVE = YES;
				CLANG_WARN_UNGUARDED_AVAILABILITY = YES_AGGRESSIVE;
				CLANG_WARN_UNREACHABLE_CODE = YES;
				CLANG_WARN__DUPLICATE_METHOD_MATCH = YES;
				COPY_PHASE_STRIP = NO;
				DEBUG_INFORMATION_FORMAT = dwarf;
				ENABLE_STRICT_OBJC_MSGSEND = YES;
				ENABLE_TESTABILITY = YES;
				GCC_C_LANGUAGE_STANDARD = gnu11;
				GCC_DYNAMIC_NO_PIC = NO;
				GCC_NO_COMMON_BLOCKS = YES;
				GCC_OPTIMIZATION_LEVEL = 0;
				GCC_PREPROCESSOR_DEFINITIONS = (
					"DEBUG=1",
					"$(inherited)",
				);
				GCC_WARN_64_TO_32_BIT_CONVERSION = YES;
				GCC_WARN_ABOUT_RETURN_TYPE = YES_ERROR;
				GCC_WARN_UNDECLARED_SELECTOR = YES;
				GCC_WARN_UNINITIALIZED_AUTOS = YES_AGGRESSIVE;
				GCC_WARN_UNUSED_FUNCTION = YES;
				GCC_WARN_UNUSED_VARIABLE = YES;
				IPHONEOS_DEPLOYMENT_TARGET = 16.4;
				MTL_ENABLE_DEBUG_INFO = INCLUDE_SOURCE;
				MTL_FAST_MATH = YES;
				ONLY_ACTIVE_ARCH = YES;
				SDKROOT = iphoneos;
				SWIFT_ACTIVE_COMPILATION_CONDITIONS = DEBUG;
				SWIFT_OPTIMIZATION_LEVEL = "-Onone";
			};
			name = Debug;
		};
		71E7F6892A0942A1002E042A /* Release */ = {
			isa = XCBuildConfiguration;
			buildSettings = {
				ALWAYS_SEARCH_USER_PATHS = NO;
				CLANG_ANALYZER_NONNULL = YES;
				CLANG_ANALYZER_NUMBER_OBJECT_CONVERSION = YES_AGGRESSIVE;
				CLANG_CXX_LANGUAGE_STANDARD = "gnu++20";
				CLANG_ENABLE_MODULES = YES;
				CLANG_ENABLE_OBJC_ARC = YES;
				CLANG_ENABLE_OBJC_WEAK = YES;
				CLANG_WARN_BLOCK_CAPTURE_AUTORELEASING = YES;
				CLANG_WARN_BOOL_CONVERSION = YES;
				CLANG_WARN_COMMA = YES;
				CLANG_WARN_CONSTANT_CONVERSION = YES;
				CLANG_WARN_DEPRECATED_OBJC_IMPLEMENTATIONS = YES;
				CLANG_WARN_DIRECT_OBJC_ISA_USAGE = YES_ERROR;
				CLANG_WARN_DOCUMENTATION_COMMENTS = YES;
				CLANG_WARN_EMPTY_BODY = YES;
				CLANG_WARN_ENUM_CONVERSION = YES;
				CLANG_WARN_INFINITE_RECURSION = YES;
				CLANG_WARN_INT_CONVERSION = YES;
				CLANG_WARN_NON_LITERAL_NULL_CONVERSION = YES;
				CLANG_WARN_OBJC_IMPLICIT_RETAIN_SELF = YES;
				CLANG_WARN_OBJC_LITERAL_CONVERSION = YES;
				CLANG_WARN_OBJC_ROOT_CLASS = YES_ERROR;
				CLANG_WARN_QUOTED_INCLUDE_IN_FRAMEWORK_HEADER = YES;
				CLANG_WARN_RANGE_LOOP_ANALYSIS = YES;
				CLANG_WARN_STRICT_PROTOTYPES = YES;
				CLANG_WARN_SUSPICIOUS_MOVE = YES;
				CLANG_WARN_UNGUARDED_AVAILABILITY = YES_AGGRESSIVE;
				CLANG_WARN_UNREACHABLE_CODE = YES;
				CLANG_WARN__DUPLICATE_METHOD_MATCH = YES;
				COPY_PHASE_STRIP = NO;
				DEBUG_INFORMATION_FORMAT = "dwarf-with-dsym";
				ENABLE_NS_ASSERTIONS = NO;
				ENABLE_STRICT_OBJC_MSGSEND = YES;
				GCC_C_LANGUAGE_STANDARD = gnu11;
				GCC_NO_COMMON_BLOCKS = YES;
				GCC_WARN_64_TO_32_BIT_CONVERSION = YES;
				GCC_WARN_ABOUT_RETURN_TYPE = YES_ERROR;
				GCC_WARN_UNDECLARED_SELECTOR = YES;
				GCC_WARN_UNINITIALIZED_AUTOS = YES_AGGRESSIVE;
				GCC_WARN_UNUSED_FUNCTION = YES;
				GCC_WARN_UNUSED_VARIABLE = YES;
				IPHONEOS_DEPLOYMENT_TARGET = 16.4;
				MTL_ENABLE_DEBUG_INFO = NO;
				MTL_FAST_MATH = YES;
				SDKROOT = iphoneos;
				SWIFT_COMPILATION_MODE = wholemodule;
				SWIFT_OPTIMIZATION_LEVEL = "-O";
				VALIDATE_PRODUCT = YES;
			};
			name = Release;
		};
		71E7F68B2A0942A1002E042A /* Debug */ = {
			isa = XCBuildConfiguration;
			buildSettings = {
				ASSETCATALOG_COMPILER_APPICON_NAME = AppIcon;
				ASSETCATALOG_COMPILER_GLOBAL_ACCENT_COLOR_NAME = AccentColor;
				CODE_SIGN_STYLE = Automatic;
				CURRENT_PROJECT_VERSION = 1;
				DEVELOPMENT_ASSET_PATHS = "\"Private Exchange Rate/Preview Content\"";
				DEVELOPMENT_TEAM = F2MP7G7FM5;
				ENABLE_PREVIEWS = YES;
				GENERATE_INFOPLIST_FILE = YES;
				INFOPLIST_KEY_UIApplicationSceneManifest_Generation = YES;
				INFOPLIST_KEY_UIApplicationSupportsIndirectInputEvents = YES;
				INFOPLIST_KEY_UILaunchScreen_Generation = YES;
				INFOPLIST_KEY_UISupportedInterfaceOrientations_iPad = "UIInterfaceOrientationPortrait UIInterfaceOrientationPortraitUpsideDown UIInterfaceOrientationLandscapeLeft UIInterfaceOrientationLandscapeRight";
				INFOPLIST_KEY_UISupportedInterfaceOrientations_iPhone = "UIInterfaceOrientationPortrait UIInterfaceOrientationLandscapeLeft UIInterfaceOrientationLandscapeRight";
				LD_RUNPATH_SEARCH_PATHS = (
					"$(inherited)",
					"@executable_path/Frameworks",
				);
				MARKETING_VERSION = 1.0;
				PRODUCT_BUNDLE_IDENTIFIER = "com.dimaportenko.privateexchangerate.Private-Exchange-Rate";
				PRODUCT_NAME = "$(TARGET_NAME)";
				SWIFT_EMIT_LOC_STRINGS = YES;
				SWIFT_VERSION = 5.0;
				TARGETED_DEVICE_FAMILY = "1,2";
			};
			name = Debug;
		};
		71E7F68C2A0942A1002E042A /* Release */ = {
			isa = XCBuildConfiguration;
			buildSettings = {
				ASSETCATALOG_COMPILER_APPICON_NAME = AppIcon;
				ASSETCATALOG_COMPILER_GLOBAL_ACCENT_COLOR_NAME = AccentColor;
				CODE_SIGN_STYLE = Automatic;
				CURRENT_PROJECT_VERSION = 1;
				DEVELOPMENT_ASSET_PATHS = "\"Private Exchange Rate/Preview Content\"";
				DEVELOPMENT_TEAM = F2MP7G7FM5;
				ENABLE_PREVIEWS = YES;
				GENERATE_INFOPLIST_FILE = YES;
				INFOPLIST_KEY_UIApplicationSceneManifest_Generation = YES;
				INFOPLIST_KEY_UIApplicationSupportsIndirectInputEvents = YES;
				INFOPLIST_KEY_UILaunchScreen_Generation = YES;
				INFOPLIST_KEY_UISupportedInterfaceOrientations_iPad = "UIInterfaceOrientationPortrait UIInterfaceOrientationPortraitUpsideDown UIInterfaceOrientationLandscapeLeft UIInterfaceOrientationLandscapeRight";
				INFOPLIST_KEY_UISupportedInterfaceOrientations_iPhone = "UIInterfaceOrientationPortrait UIInterfaceOrientationLandscapeLeft UIInterfaceOrientationLandscapeRight";
				LD_RUNPATH_SEARCH_PATHS = (
					"$(inherited)",
					"@executable_path/Frameworks",
				);
				MARKETING_VERSION = 1.0;
				PRODUCT_BUNDLE_IDENTIFIER = "com.dimaportenko.privateexchangerate.Private-Exchange-Rate";
				PRODUCT_NAME = "$(TARGET_NAME)";
				SWIFT_EMIT_LOC_STRINGS = YES;
				SWIFT_VERSION = 5.0;
				TARGETED_DEVICE_FAMILY = "1,2";
			};
			name = Release;
		};
		71E7F68E2A0942A1002E042A /* Debug */ = {
			isa = XCBuildConfiguration;
			buildSettings = {
				ALWAYS_EMBED_SWIFT_STANDARD_LIBRARIES = YES;
				BUNDLE_LOADER = "$(TEST_HOST)";
				CODE_SIGN_STYLE = Automatic;
				CURRENT_PROJECT_VERSION = 1;
				DEVELOPMENT_TEAM = F2MP7G7FM5;
				GENERATE_INFOPLIST_FILE = YES;
				IPHONEOS_DEPLOYMENT_TARGET = 16.4;
				MARKETING_VERSION = 1.0;
				PRODUCT_BUNDLE_IDENTIFIER = "com.dimaportenko.privateexchangerate.Private-Exchange-RateTests";
				PRODUCT_NAME = "$(TARGET_NAME)";
				SWIFT_EMIT_LOC_STRINGS = NO;
				SWIFT_VERSION = 5.0;
				TARGETED_DEVICE_FAMILY = "1,2";
				TEST_HOST = "$(BUILT_PRODUCTS_DIR)/Private Exchange Rate.app/$(BUNDLE_EXECUTABLE_FOLDER_PATH)/Private Exchange Rate";
			};
			name = Debug;
		};
		71E7F68F2A0942A1002E042A /* Release */ = {
			isa = XCBuildConfiguration;
			buildSettings = {
				ALWAYS_EMBED_SWIFT_STANDARD_LIBRARIES = YES;
				BUNDLE_LOADER = "$(TEST_HOST)";
				CODE_SIGN_STYLE = Automatic;
				CURRENT_PROJECT_VERSION = 1;
				DEVELOPMENT_TEAM = F2MP7G7FM5;
				GENERATE_INFOPLIST_FILE = YES;
				IPHONEOS_DEPLOYMENT_TARGET = 16.4;
				MARKETING_VERSION = 1.0;
				PRODUCT_BUNDLE_IDENTIFIER = "com.dimaportenko.privateexchangerate.Private-Exchange-RateTests";
				PRODUCT_NAME = "$(TARGET_NAME)";
				SWIFT_EMIT_LOC_STRINGS = NO;
				SWIFT_VERSION = 5.0;
				TARGETED_DEVICE_FAMILY = "1,2";
				TEST_HOST = "$(BUILT_PRODUCTS_DIR)/Private Exchange Rate.app/$(BUNDLE_EXECUTABLE_FOLDER_PATH)/Private Exchange Rate";
			};
			name = Release;
		};
		71E7F6912A0942A1002E042A /* Debug */ = {
			isa = XCBuildConfiguration;
			buildSettings = {
				ALWAYS_EMBED_SWIFT_STANDARD_LIBRARIES = YES;
				CODE_SIGN_STYLE = Automatic;
				CURRENT_PROJECT_VERSION = 1;
				DEVELOPMENT_TEAM = F2MP7G7FM5;
				GENERATE_INFOPLIST_FILE = YES;
				MARKETING_VERSION = 1.0;
				PRODUCT_BUNDLE_IDENTIFIER = "com.dimaportenko.privateexchangerate.Private-Exchange-RateUITests";
				PRODUCT_NAME = "$(TARGET_NAME)";
				SWIFT_EMIT_LOC_STRINGS = NO;
				SWIFT_VERSION = 5.0;
				TARGETED_DEVICE_FAMILY = "1,2";
				TEST_TARGET_NAME = "Private Exchange Rate";
			};
			name = Debug;
		};
		71E7F6922A0942A1002E042A /* Release */ = {
			isa = XCBuildConfiguration;
			buildSettings = {
				ALWAYS_EMBED_SWIFT_STANDARD_LIBRARIES = YES;
				CODE_SIGN_STYLE = Automatic;
				CURRENT_PROJECT_VERSION = 1;
				DEVELOPMENT_TEAM = F2MP7G7FM5;
				GENERATE_INFOPLIST_FILE = YES;
				MARKETING_VERSION = 1.0;
				PRODUCT_BUNDLE_IDENTIFIER = "com.dimaportenko.privateexchangerate.Private-Exchange-RateUITests";
				PRODUCT_NAME = "$(TARGET_NAME)";
				SWIFT_EMIT_LOC_STRINGS = NO;
				SWIFT_VERSION = 5.0;
				TARGETED_DEVICE_FAMILY = "1,2";
				TEST_TARGET_NAME = "Private Exchange Rate";
			};
			name = Release;
		};
/* End XCBuildConfiguration section */

/* Begin XCConfigurationList section */
		71E7F6612A09429F002E042A /* Build configuration list for PBXProject "Private Exchange Rate" */ = {
			isa = XCConfigurationList;
			buildConfigurations = (
				71E7F6882A0942A1002E042A /* Debug */,
				71E7F6892A0942A1002E042A /* Release */,
			);
			defaultConfigurationIsVisible = 0;
			defaultConfigurationName = Release;
		};
		71E7F68A2A0942A1002E042A /* Build configuration list for PBXNativeTarget "Private Exchange Rate" */ = {
			isa = XCConfigurationList;
			buildConfigurations = (
				71E7F68B2A0942A1002E042A /* Debug */,
				71E7F68C2A0942A1002E042A /* Release */,
			);
			defaultConfigurationIsVisible = 0;
			defaultConfigurationName = Release;
		};
		71E7F68D2A0942A1002E042A /* Build configuration list for PBXNativeTarget "Private Exchange RateTests" */ = {
			isa = XCConfigurationList;
			buildConfigurations = (
				71E7F68E2A0942A1002E042A /* Debug */,
				71E7F68F2A0942A1002E042A /* Release */,
			);
			defaultConfigurationIsVisible = 0;
			defaultConfigurationName = Release;
		};
		71E7F6902A0942A1002E042A /* Build configuration list for PBXNativeTarget "Private Exchange RateUITests" */ = {
			isa = XCConfigurationList;
			buildConfigurations = (
				71E7F6912A0942A1002E042A /* Debug */,
				71E7F6922A0942A1002E042A /* Release */,
			);
			defaultConfigurationIsVisible = 0;
			defaultConfigurationName = Release;
		};
/* End XCConfigurationList section */
	};
	rootObject = 71E7F65E2A09429F002E042A /* Project object */;
}
