// !$*UTF8*$!
{
	archiveVersion = 1;
	classes = {
	};
	objectVersion = 56;
	objects = {

/* Begin PBXBuildFile section */
		71B5A2072A0AD93D008584B6 /* CoreData.framework in Frameworks */ = {isa = PBXBuildFile; fileRef = 71B5A2062A0AD93D008584B6 /* CoreData.framework */; };
		71B5A2082A0AD948008584B6 /* CoreData.framework in Frameworks */ = {isa = PBXBuildFile; fileRef = 71B5A2062A0AD93D008584B6 /* CoreData.framework */; };
		71B5A20B2A0AD9BE008584B6 /* CurrencyRateModel.xcdatamodeld in Sources */ = {isa = PBXBuildFile; fileRef = 71B5A2092A0AD9BE008584B6 /* CurrencyRateModel.xcdatamodeld */; };
		71B5A20C2A0AD9BE008584B6 /* CurrencyRateModel.xcdatamodeld in Sources */ = {isa = PBXBuildFile; fileRef = 71B5A2092A0AD9BE008584B6 /* CurrencyRateModel.xcdatamodeld */; };
		71B5A20E2A0ADAA8008584B6 /* CoreDataManager.swift in Sources */ = {isa = PBXBuildFile; fileRef = 71B5A20D2A0ADAA8008584B6 /* CoreDataManager.swift */; };
		71B5A20F2A0ADAA8008584B6 /* CoreDataManager.swift in Sources */ = {isa = PBXBuildFile; fileRef = 71B5A20D2A0ADAA8008584B6 /* CoreDataManager.swift */; };
		71D4CAF12A0ADD9200A3F9CB /* CurrencyRatesListView.swift in Sources */ = {isa = PBXBuildFile; fileRef = 71D4CAF02A0ADD9200A3F9CB /* CurrencyRatesListView.swift */; };
		71D4CAF92A0AEE1900A3F9CB /* Utils.swift in Sources */ = {isa = PBXBuildFile; fileRef = 71D4CAF82A0AEE1900A3F9CB /* Utils.swift */; };
		71D4CAFA2A0AEEF200A3F9CB /* Utils.swift in Sources */ = {isa = PBXBuildFile; fileRef = 71D4CAF82A0AEE1900A3F9CB /* Utils.swift */; };
		71E7F66A2A09429F002E042A /* Private_Exchange_RateApp.swift in Sources */ = {isa = PBXBuildFile; fileRef = 71E7F6692A09429F002E042A /* Private_Exchange_RateApp.swift */; };
		71E7F66C2A09429F002E042A /* ContentView.swift in Sources */ = {isa = PBXBuildFile; fileRef = 71E7F66B2A09429F002E042A /* ContentView.swift */; };
		71E7F66E2A0942A0002E042A /* Assets.xcassets in Resources */ = {isa = PBXBuildFile; fileRef = 71E7F66D2A0942A0002E042A /* Assets.xcassets */; };
		71E7F6712A0942A0002E042A /* Preview Assets.xcassets in Resources */ = {isa = PBXBuildFile; fileRef = 71E7F6702A0942A0002E042A /* Preview Assets.xcassets */; };
		71E7F67B2A0942A1002E042A /* Private_Exchange_RateTests.swift in Sources */ = {isa = PBXBuildFile; fileRef = 71E7F67A2A0942A1002E042A /* Private_Exchange_RateTests.swift */; };
		71E7F6852A0942A1002E042A /* Private_Exchange_RateUITests.swift in Sources */ = {isa = PBXBuildFile; fileRef = 71E7F6842A0942A1002E042A /* Private_Exchange_RateUITests.swift */; };
		71E7F6872A0942A1002E042A /* Private_Exchange_RateUITestsLaunchTests.swift in Sources */ = {isa = PBXBuildFile; fileRef = 71E7F6862A0942A1002E042A /* Private_Exchange_RateUITestsLaunchTests.swift */; };
		71E7F69A2A0942E3002E042A /* WidgetKit.framework in Frameworks */ = {isa = PBXBuildFile; fileRef = 71E7F6992A0942E3002E042A /* WidgetKit.framework */; };
		71E7F69C2A0942E3002E042A /* SwiftUI.framework in Frameworks */ = {isa = PBXBuildFile; fileRef = 71E7F69B2A0942E3002E042A /* SwiftUI.framework */; };
		71E7F69F2A0942E3002E042A /* Private_ExchangeBundle.swift in Sources */ = {isa = PBXBuildFile; fileRef = 71E7F69E2A0942E3002E042A /* Private_ExchangeBundle.swift */; };
		71E7F6A12A0942E3002E042A /* Private_ExchangeLiveActivity.swift in Sources */ = {isa = PBXBuildFile; fileRef = 71E7F6A02A0942E3002E042A /* Private_ExchangeLiveActivity.swift */; };
		71E7F6A32A0942E3002E042A /* Private_Exchange.swift in Sources */ = {isa = PBXBuildFile; fileRef = 71E7F6A22A0942E3002E042A /* Private_Exchange.swift */; };
		71E7F6A62A0942E4002E042A /* Assets.xcassets in Resources */ = {isa = PBXBuildFile; fileRef = 71E7F6A52A0942E4002E042A /* Assets.xcassets */; };
		71E7F6A82A0942E4002E042A /* Private_Exchange.intentdefinition in Sources */ = {isa = PBXBuildFile; fileRef = 71E7F6A42A0942E3002E042A /* Private_Exchange.intentdefinition */; };
		71E7F6A92A0942E4002E042A /* Private_Exchange.intentdefinition in Sources */ = {isa = PBXBuildFile; fileRef = 71E7F6A42A0942E3002E042A /* Private_Exchange.intentdefinition */; };
		71E7F6AC2A0942E4002E042A /* Private ExchangeExtension.appex in Embed Foundation Extensions */ = {isa = PBXBuildFile; fileRef = 71E7F6972A0942E3002E042A /* Private ExchangeExtension.appex */; settings = {ATTRIBUTES = (RemoveHeadersOnCopy, ); }; };
		71E7F6B32A0943E2002E042A /* Alamofire in Frameworks */ = {isa = PBXBuildFile; productRef = 71E7F6B22A0943E2002E042A /* Alamofire */; };
		71E7F6B52A0943FA002E042A /* CurrencyRate.swift in Sources */ = {isa = PBXBuildFile; fileRef = 71E7F6B42A0943FA002E042A /* CurrencyRate.swift */; };
		71E7F6B72A09442D002E042A /* CurrencyRateFetcher.swift in Sources */ = {isa = PBXBuildFile; fileRef = 71E7F6B62A09442D002E042A /* CurrencyRateFetcher.swift */; };
		71E7F6B82A09451C002E042A /* CurrencyRate.swift in Sources */ = {isa = PBXBuildFile; fileRef = 71E7F6B42A0943FA002E042A /* CurrencyRate.swift */; };
		71E7F6B92A0946A1002E042A /* CurrencyRateFetcher.swift in Sources */ = {isa = PBXBuildFile; fileRef = 71E7F6B62A09442D002E042A /* CurrencyRateFetcher.swift */; };
		71E7F6BB2A0953B8002E042A /* Alamofire in Frameworks */ = {isa = PBXBuildFile; productRef = 71E7F6BA2A0953B8002E042A /* Alamofire */; };
		71E7F6BE2A0968D2002E042A /* Private_Exchange.swift in Sources */ = {isa = PBXBuildFile; fileRef = 71E7F6A22A0942E3002E042A /* Private_Exchange.swift */; };
/* End PBXBuildFile section */

/* Begin PBXContainerItemProxy section */
		71E7F6772A0942A1002E042A /* PBXContainerItemProxy */ = {
			isa = PBXContainerItemProxy;
			containerPortal = 71E7F65E2A09429F002E042A /* Project object */;
			proxyType = 1;
			remoteGlobalIDString = 71E7F6652A09429F002E042A;
			remoteInfo = "Private Exchange Rate";
		};
		71E7F6812A0942A1002E042A /* PBXContainerItemProxy */ = {
			isa = PBXContainerItemProxy;
			containerPortal = 71E7F65E2A09429F002E042A /* Project object */;
			proxyType = 1;
			remoteGlobalIDString = 71E7F6652A09429F002E042A;
			remoteInfo = "Private Exchange Rate";
		};
		71E7F6AA2A0942E4002E042A /* PBXContainerItemProxy */ = {
			isa = PBXContainerItemProxy;
			containerPortal = 71E7F65E2A09429F002E042A /* Project object */;
			proxyType = 1;
			remoteGlobalIDString = 71E7F6962A0942E3002E042A;
			remoteInfo = "Private ExchangeExtension";
		};
/* End PBXContainerItemProxy section */

/* Begin PBXCopyFilesBuildPhase section */
		71E7F6B02A0942E4002E042A /* Embed Foundation Extensions */ = {
			isa = PBXCopyFilesBuildPhase;
			buildActionMask = 12;
			dstPath = "";
			dstSubfolderSpec = 13;
			files = (
				71E7F6AC2A0942E4002E042A /* Private ExchangeExtension.appex in Embed Foundation Extensions */,
			);
			name = "Embed Foundation Extensions";
			runOnlyForDeploymentPostprocessing = 0;
		};
/* End PBXCopyFilesBuildPhase section */

/* Begin PBXFileReference section */
		71B5A2062A0AD93D008584B6 /* CoreData.framework */ = {isa = PBXFileReference; lastKnownFileType = wrapper.framework; name = CoreData.framework; path = System/Library/Frameworks/CoreData.framework; sourceTree = SDKROOT; };
		71B5A20A2A0AD9BE008584B6 /* CurrencyRateModel.xcdatamodel */ = {isa = PBXFileReference; lastKnownFileType = wrapper.xcdatamodel; path = CurrencyRateModel.xcdatamodel; sourceTree = "<group>"; };
		71B5A20D2A0ADAA8008584B6 /* CoreDataManager.swift */ = {isa = PBXFileReference; lastKnownFileType = sourcecode.swift; path = CoreDataManager.swift; sourceTree = "<group>"; };
		71D4CAF02A0ADD9200A3F9CB /* CurrencyRatesListView.swift */ = {isa = PBXFileReference; lastKnownFileType = sourcecode.swift; path = CurrencyRatesListView.swift; sourceTree = "<group>"; };
		71D4CAF62A0AEAF100A3F9CB /* Private Exchange Rate.entitlements */ = {isa = PBXFileReference; lastKnownFileType = text.plist.entitlements; path = "Private Exchange Rate.entitlements"; sourceTree = "<group>"; };
		71D4CAF72A0AEB1000A3F9CB /* Private ExchangeExtension.entitlements */ = {isa = PBXFileReference; lastKnownFileType = text.plist.entitlements; path = "Private ExchangeExtension.entitlements"; sourceTree = "<group>"; };
		71D4CAF82A0AEE1900A3F9CB /* Utils.swift */ = {isa = PBXFileReference; lastKnownFileType = sourcecode.swift; path = Utils.swift; sourceTree = "<group>"; };
		71E7F6662A09429F002E042A /* Private Exchange Rate.app */ = {isa = PBXFileReference; explicitFileType = wrapper.application; includeInIndex = 0; path = "Private Exchange Rate.app"; sourceTree = BUILT_PRODUCTS_DIR; };
		71E7F6692A09429F002E042A /* Private_Exchange_RateApp.swift */ = {isa = PBXFileReference; lastKnownFileType = sourcecode.swift; path = Private_Exchange_RateApp.swift; sourceTree = "<group>"; };
		71E7F66B2A09429F002E042A /* ContentView.swift */ = {isa = PBXFileReference; lastKnownFileType = sourcecode.swift; path = ContentView.swift; sourceTree = "<group>"; };
		71E7F66D2A0942A0002E042A /* Assets.xcassets */ = {isa = PBXFileReference; lastKnownFileType = folder.assetcatalog; path = Assets.xcassets; sourceTree = "<group>"; };
		71E7F6702A0942A0002E042A /* Preview Assets.xcassets */ = {isa = PBXFileReference; lastKnownFileType = folder.assetcatalog; path = "Preview Assets.xcassets"; sourceTree = "<group>"; };
		71E7F6762A0942A1002E042A /* Private Exchange RateTests.xctest */ = {isa = PBXFileReference; explicitFileType = wrapper.cfbundle; includeInIndex = 0; path = "Private Exchange RateTests.xctest"; sourceTree = BUILT_PRODUCTS_DIR; };
		71E7F67A2A0942A1002E042A /* Private_Exchange_RateTests.swift */ = {isa = PBXFileReference; lastKnownFileType = sourcecode.swift; path = Private_Exchange_RateTests.swift; sourceTree = "<group>"; };
		71E7F6802A0942A1002E042A /* Private Exchange RateUITests.xctest */ = {isa = PBXFileReference; explicitFileType = wrapper.cfbundle; includeInIndex = 0; path = "Private Exchange RateUITests.xctest"; sourceTree = BUILT_PRODUCTS_DIR; };
		71E7F6842A0942A1002E042A /* Private_Exchange_RateUITests.swift */ = {isa = PBXFileReference; lastKnownFileType = sourcecode.swift; path = Private_Exchange_RateUITests.swift; sourceTree = "<group>"; };
		71E7F6862A0942A1002E042A /* Private_Exchange_RateUITestsLaunchTests.swift */ = {isa = PBXFileReference; lastKnownFileType = sourcecode.swift; path = Private_Exchange_RateUITestsLaunchTests.swift; sourceTree = "<group>"; };
		71E7F6972A0942E3002E042A /* Private ExchangeExtension.appex */ = {isa = PBXFileReference; explicitFileType = "wrapper.app-extension"; includeInIndex = 0; path = "Private ExchangeExtension.appex"; sourceTree = BUILT_PRODUCTS_DIR; };
		71E7F6992A0942E3002E042A /* WidgetKit.framework */ = {isa = PBXFileReference; lastKnownFileType = wrapper.framework; name = WidgetKit.framework; path = System/Library/Frameworks/WidgetKit.framework; sourceTree = SDKROOT; };
		71E7F69B2A0942E3002E042A /* SwiftUI.framework */ = {isa = PBXFileReference; lastKnownFileType = wrapper.framework; name = SwiftUI.framework; path = System/Library/Frameworks/SwiftUI.framework; sourceTree = SDKROOT; };
		71E7F69E2A0942E3002E042A /* Private_ExchangeBundle.swift */ = {isa = PBXFileReference; lastKnownFileType = sourcecode.swift; path = Private_ExchangeBundle.swift; sourceTree = "<group>"; };
		71E7F6A02A0942E3002E042A /* Private_ExchangeLiveActivity.swift */ = {isa = PBXFileReference; lastKnownFileType = sourcecode.swift; path = Private_ExchangeLiveActivity.swift; sourceTree = "<group>"; };
		71E7F6A22A0942E3002E042A /* Private_Exchange.swift */ = {isa = PBXFileReference; lastKnownFileType = sourcecode.swift; path = Private_Exchange.swift; sourceTree = "<group>"; };
		71E7F6A42A0942E3002E042A /* Private_Exchange.intentdefinition */ = {isa = PBXFileReference; lastKnownFileType = file.intentdefinition; path = Private_Exchange.intentdefinition; sourceTree = "<group>"; };
		71E7F6A52A0942E4002E042A /* Assets.xcassets */ = {isa = PBXFileReference; lastKnownFileType = folder.assetcatalog; path = Assets.xcassets; sourceTree = "<group>"; };
		71E7F6A72A0942E4002E042A /* Info.plist */ = {isa = PBXFileReference; lastKnownFileType = text.plist.xml; path = Info.plist; sourceTree = "<group>"; };
		71E7F6B42A0943FA002E042A /* CurrencyRate.swift */ = {isa = PBXFileReference; lastKnownFileType = sourcecode.swift; path = CurrencyRate.swift; sourceTree = "<group>"; };
		71E7F6B62A09442D002E042A /* CurrencyRateFetcher.swift */ = {isa = PBXFileReference; lastKnownFileType = sourcecode.swift; path = CurrencyRateFetcher.swift; sourceTree = "<group>"; };
		71E7F6BC2A096852002E042A /* Private-Exchange-Rate-Info.plist */ = {isa = PBXFileReference; lastKnownFileType = text.plist; path = "Private-Exchange-Rate-Info.plist"; sourceTree = SOURCE_ROOT; };
/* End PBXFileReference section */

/* Begin PBXFrameworksBuildPhase section */
		71E7F6632A09429F002E042A /* Frameworks */ = {
			isa = PBXFrameworksBuildPhase;
			buildActionMask = 2147483647;
			files = (
				71E7F6B32A0943E2002E042A /* Alamofire in Frameworks */,
				71B5A2072A0AD93D008584B6 /* CoreData.framework in Frameworks */,
			);
			runOnlyForDeploymentPostprocessing = 0;
		};
		71E7F6732A0942A1002E042A /* Frameworks */ = {
			isa = PBXFrameworksBuildPhase;
			buildActionMask = 2147483647;
			files = (
			);
			runOnlyForDeploymentPostprocessing = 0;
		};
		71E7F67D2A0942A1002E042A /* Frameworks */ = {
			isa = PBXFrameworksBuildPhase;
			buildActionMask = 2147483647;
			files = (
			);
			runOnlyForDeploymentPostprocessing = 0;
		};
		71E7F6942A0942E3002E042A /* Frameworks */ = {
			isa = PBXFrameworksBuildPhase;
			buildActionMask = 2147483647;
			files = (
				71E7F6BB2A0953B8002E042A /* Alamofire in Frameworks */,
				71B5A2082A0AD948008584B6 /* CoreData.framework in Frameworks */,
				71E7F69C2A0942E3002E042A /* SwiftUI.framework in Frameworks */,
				71E7F69A2A0942E3002E042A /* WidgetKit.framework in Frameworks */,
			);
			runOnlyForDeploymentPostprocessing = 0;
		};
/* End PBXFrameworksBuildPhase section */

/* Begin PBXGroup section */
		71E7F65D2A09429F002E042A = {
			isa = PBXGroup;
			children = (
				71D4CAF72A0AEB1000A3F9CB /* Private ExchangeExtension.entitlements */,
				71B5A2092A0AD9BE008584B6 /* CurrencyRateModel.xcdatamodeld */,
				71E7F6682A09429F002E042A /* Private Exchange Rate */,
				71E7F6792A0942A1002E042A /* Private Exchange RateTests */,
				71E7F6832A0942A1002E042A /* Private Exchange RateUITests */,
				71E7F69D2A0942E3002E042A /* Private Exchange */,
				71E7F6982A0942E3002E042A /* Frameworks */,
				71E7F6672A09429F002E042A /* Products */,
			);
			sourceTree = "<group>";
		};
		71E7F6672A09429F002E042A /* Products */ = {
			isa = PBXGroup;
			children = (
				71E7F6662A09429F002E042A /* Private Exchange Rate.app */,
				71E7F6762A0942A1002E042A /* Private Exchange RateTests.xctest */,
				71E7F6802A0942A1002E042A /* Private Exchange RateUITests.xctest */,
				71E7F6972A0942E3002E042A /* Private ExchangeExtension.appex */,
			);
			name = Products;
			sourceTree = "<group>";
		};
		71E7F6682A09429F002E042A /* Private Exchange Rate */ = {
			isa = PBXGroup;
			children = (
				71D4CAF62A0AEAF100A3F9CB /* Private Exchange Rate.entitlements */,
				71E7F6BC2A096852002E042A /* Private-Exchange-Rate-Info.plist */,
				71B5A20D2A0ADAA8008584B6 /* CoreDataManager.swift */,
				71E7F6692A09429F002E042A /* Private_Exchange_RateApp.swift */,
				71D4CAF82A0AEE1900A3F9CB /* Utils.swift */,
				71E7F6B42A0943FA002E042A /* CurrencyRate.swift */,
				71E7F6B62A09442D002E042A /* CurrencyRateFetcher.swift */,
				71D4CAF02A0ADD9200A3F9CB /* CurrencyRatesListView.swift */,
				71E7F66B2A09429F002E042A /* ContentView.swift */,
				71E7F66D2A0942A0002E042A /* Assets.xcassets */,
				71E7F66F2A0942A0002E042A /* Preview Content */,
			);
			path = "Private Exchange Rate";
			sourceTree = "<group>";
		};
		71E7F66F2A0942A0002E042A /* Preview Content */ = {
			isa = PBXGroup;
			children = (
				71E7F6702A0942A0002E042A /* Preview Assets.xcassets */,
			);
			path = "Preview Content";
			sourceTree = "<group>";
		};
		71E7F6792A0942A1002E042A /* Private Exchange RateTests */ = {
			isa = PBXGroup;
			children = (
				71E7F67A2A0942A1002E042A /* Private_Exchange_RateTests.swift */,
			);
			path = "Private Exchange RateTests";
			sourceTree = "<group>";
		};
		71E7F6832A0942A1002E042A /* Private Exchange RateUITests */ = {
			isa = PBXGroup;
			children = (
				71E7F6842A0942A1002E042A /* Private_Exchange_RateUITests.swift */,
				71E7F6862A0942A1002E042A /* Private_Exchange_RateUITestsLaunchTests.swift */,
			);
			path = "Private Exchange RateUITests";
			sourceTree = "<group>";
		};
		71E7F6982A0942E3002E042A /* Frameworks */ = {
			isa = PBXGroup;
			children = (
				71B5A2062A0AD93D008584B6 /* CoreData.framework */,
				71E7F6992A0942E3002E042A /* WidgetKit.framework */,
				71E7F69B2A0942E3002E042A /* SwiftUI.framework */,
			);
			name = Frameworks;
			sourceTree = "<group>";
		};
		71E7F69D2A0942E3002E042A /* Private Exchange */ = {
			isa = PBXGroup;
			children = (
				71E7F69E2A0942E3002E042A /* Private_ExchangeBundle.swift */,
				71E7F6A02A0942E3002E042A /* Private_ExchangeLiveActivity.swift */,
				71E7F6A22A0942E3002E042A /* Private_Exchange.swift */,
				71E7F6A42A0942E3002E042A /* Private_Exchange.intentdefinition */,
				71E7F6A52A0942E4002E042A /* Assets.xcassets */,
				71E7F6A72A0942E4002E042A /* Info.plist */,
			);
			path = "Private Exchange";
			sourceTree = "<group>";
		};
/* End PBXGroup section */

/* Begin PBXNativeTarget section */
		71E7F6652A09429F002E042A /* Private Exchange Rate */ = {
			isa = PBXNativeTarget;
			buildConfigurationList = 71E7F68A2A0942A1002E042A /* Build configuration list for PBXNativeTarget "Private Exchange Rate" */;
			buildPhases = (
				71E7F6622A09429F002E042A /* Sources */,
				71E7F6632A09429F002E042A /* Frameworks */,
				71E7F6642A09429F002E042A /* Resources */,
				71E7F6B02A0942E4002E042A /* Embed Foundation Extensions */,
			);
			buildRules = (
			);
			dependencies = (
				71E7F6AB2A0942E4002E042A /* PBXTargetDependency */,
			);
			name = "Private Exchange Rate";
			packageProductDependencies = (
				71E7F6B22A0943E2002E042A /* Alamofire */,
			);
			productName = "Private Exchange Rate";
			productReference = 71E7F6662A09429F002E042A /* Private Exchange Rate.app */;
			productType = "com.apple.product-type.application";
		};
		71E7F6752A0942A1002E042A /* Private Exchange RateTests */ = {
			isa = PBXNativeTarget;
			buildConfigurationList = 71E7F68D2A0942A1002E042A /* Build configuration list for PBXNativeTarget "Private Exchange RateTests" */;
			buildPhases = (
				71E7F6722A0942A1002E042A /* Sources */,
				71E7F6732A0942A1002E042A /* Frameworks */,
				71E7F6742A0942A1002E042A /* Resources */,
			);
			buildRules = (
			);
			dependencies = (
				71E7F6782A0942A1002E042A /* PBXTargetDependency */,
			);
			name = "Private Exchange RateTests";
			productName = "Private Exchange RateTests";
			productReference = 71E7F6762A0942A1002E042A /* Private Exchange RateTests.xctest */;
			productType = "com.apple.product-type.bundle.unit-test";
		};
		71E7F67F2A0942A1002E042A /* Private Exchange RateUITests */ = {
			isa = PBXNativeTarget;
			buildConfigurationList = 71E7F6902A0942A1002E042A /* Build configuration list for PBXNativeTarget "Private Exchange RateUITests" */;
			buildPhases = (
				71E7F67C2A0942A1002E042A /* Sources */,
				71E7F67D2A0942A1002E042A /* Frameworks */,
				71E7F67E2A0942A1002E042A /* Resources */,
			);
			buildRules = (
			);
			dependencies = (
				71E7F6822A0942A1002E042A /* PBXTargetDependency */,
			);
			name = "Private Exchange RateUITests";
			productName = "Private Exchange RateUITests";
			productReference = 71E7F6802A0942A1002E042A /* Private Exchange RateUITests.xctest */;
			productType = "com.apple.product-type.bundle.ui-testing";
		};
		71E7F6962A0942E3002E042A /* Private ExchangeExtension */ = {
			isa = PBXNativeTarget;
			buildConfigurationList = 71E7F6AD2A0942E4002E042A /* Build configuration list for PBXNativeTarget "Private ExchangeExtension" */;
			buildPhases = (
				71E7F6932A0942E3002E042A /* Sources */,
				71E7F6942A0942E3002E042A /* Frameworks */,
				71E7F6952A0942E3002E042A /* Resources */,
			);
			buildRules = (
			);
			dependencies = (
			);
			name = "Private ExchangeExtension";
			packageProductDependencies = (
				71E7F6BA2A0953B8002E042A /* Alamofire */,
			);
			productName = "Private ExchangeExtension";
			productReference = 71E7F6972A0942E3002E042A /* Private ExchangeExtension.appex */;
			productType = "com.apple.product-type.app-extension";
		};
/* End PBXNativeTarget section */

/* Begin PBXProject section */
		71E7F65E2A09429F002E042A /* Project object */ = {
			isa = PBXProject;
			attributes = {
				BuildIndependentTargetsInParallel = 1;
				LastSwiftUpdateCheck = 1430;
				LastUpgradeCheck = 1430;
				TargetAttributes = {
					71E7F6652A09429F002E042A = {
						CreatedOnToolsVersion = 14.3;
					};
					71E7F6752A0942A1002E042A = {
						CreatedOnToolsVersion = 14.3;
						TestTargetID = 71E7F6652A09429F002E042A;
					};
					71E7F67F2A0942A1002E042A = {
						CreatedOnToolsVersion = 14.3;
						TestTargetID = 71E7F6652A09429F002E042A;
					};
					71E7F6962A0942E3002E042A = {
						CreatedOnToolsVersion = 14.3;
					};
				};
			};
			buildConfigurationList = 71E7F6612A09429F002E042A /* Build configuration list for PBXProject "Private Exchange Rate" */;
			compatibilityVersion = "Xcode 14.0";
			developmentRegion = en;
			hasScannedForEncodings = 0;
			knownRegions = (
				en,
				Base,
			);
			mainGroup = 71E7F65D2A09429F002E042A;
			packageReferences = (
				71E7F6B12A0943E2002E042A /* XCRemoteSwiftPackageReference "Alamofire" */,
			);
			productRefGroup = 71E7F6672A09429F002E042A /* Products */;
			projectDirPath = "";
			projectRoot = "";
			targets = (
				71E7F6652A09429F002E042A /* Private Exchange Rate */,
				71E7F6752A0942A1002E042A /* Private Exchange RateTests */,
				71E7F67F2A0942A1002E042A /* Private Exchange RateUITests */,
				71E7F6962A0942E3002E042A /* Private ExchangeExtension */,
			);
		};
/* End PBXProject section */

/* Begin PBXResourcesBuildPhase section */
		71E7F6642A09429F002E042A /* Resources */ = {
			isa = PBXResourcesBuildPhase;
			buildActionMask = 2147483647;
			files = (
				71E7F6712A0942A0002E042A /* Preview Assets.xcassets in Resources */,
				71E7F66E2A0942A0002E042A /* Assets.xcassets in Resources */,
			);
			runOnlyForDeploymentPostprocessing = 0;
		};
		71E7F6742A0942A1002E042A /* Resources */ = {
			isa = PBXResourcesBuildPhase;
			buildActionMask = 2147483647;
			files = (
			);
			runOnlyForDeploymentPostprocessing = 0;
		};
		71E7F67E2A0942A1002E042A /* Resources */ = {
			isa = PBXResourcesBuildPhase;
			buildActionMask = 2147483647;
			files = (
			);
			runOnlyForDeploymentPostprocessing = 0;
		};
		71E7F6952A0942E3002E042A /* Resources */ = {
			isa = PBXResourcesBuildPhase;
			buildActionMask = 2147483647;
			files = (
				71E7F6A62A0942E4002E042A /* Assets.xcassets in Resources */,
			);
			runOnlyForDeploymentPostprocessing = 0;
		};
/* End PBXResourcesBuildPhase section */

/* Begin PBXSourcesBuildPhase section */
		71E7F6622A09429F002E042A /* Sources */ = {
			isa = PBXSourcesBuildPhase;
			buildActionMask = 2147483647;
			files = (
				71B5A20B2A0AD9BE008584B6 /* CurrencyRateModel.xcdatamodeld in Sources */,
				71E7F6BE2A0968D2002E042A /* Private_Exchange.swift in Sources */,
				71D4CAF12A0ADD9200A3F9CB /* CurrencyRatesListView.swift in Sources */,
				71E7F6B72A09442D002E042A /* CurrencyRateFetcher.swift in Sources */,
				71E7F6B52A0943FA002E042A /* CurrencyRate.swift in Sources */,
				71D4CAF92A0AEE1900A3F9CB /* Utils.swift in Sources */,
				71E7F66C2A09429F002E042A /* ContentView.swift in Sources */,
				71E7F66A2A09429F002E042A /* Private_Exchange_RateApp.swift in Sources */,
				71B5A20E2A0ADAA8008584B6 /* CoreDataManager.swift in Sources */,
				71E7F6A92A0942E4002E042A /* Private_Exchange.intentdefinition in Sources */,
			);
			runOnlyForDeploymentPostprocessing = 0;
		};
		71E7F6722A0942A1002E042A /* Sources */ = {
			isa = PBXSourcesBuildPhase;
			buildActionMask = 2147483647;
			files = (
				71E7F67B2A0942A1002E042A /* Private_Exchange_RateTests.swift in Sources */,
			);
			runOnlyForDeploymentPostprocessing = 0;
		};
		71E7F67C2A0942A1002E042A /* Sources */ = {
			isa = PBXSourcesBuildPhase;
			buildActionMask = 2147483647;
			files = (
				71E7F6852A0942A1002E042A /* Private_Exchange_RateUITests.swift in Sources */,
				71E7F6872A0942A1002E042A /* Private_Exchange_RateUITestsLaunchTests.swift in Sources */,
			);
			runOnlyForDeploymentPostprocessing = 0;
		};
		71E7F6932A0942E3002E042A /* Sources */ = {
			isa = PBXSourcesBuildPhase;
			buildActionMask = 2147483647;
			files = (
				71B5A20C2A0AD9BE008584B6 /* CurrencyRateModel.xcdatamodeld in Sources */,
				71E7F6A32A0942E3002E042A /* Private_Exchange.swift in Sources */,
				71D4CAFA2A0AEEF200A3F9CB /* Utils.swift in Sources */,
				71E7F6A82A0942E4002E042A /* Private_Exchange.intentdefinition in Sources */,
				71E7F6B92A0946A1002E042A /* CurrencyRateFetcher.swift in Sources */,
				71E7F69F2A0942E3002E042A /* Private_ExchangeBundle.swift in Sources */,
				71E7F6A12A0942E3002E042A /* Private_ExchangeLiveActivity.swift in Sources */,
				71B5A20F2A0ADAA8008584B6 /* CoreDataManager.swift in Sources */,
				71E7F6B82A09451C002E042A /* CurrencyRate.swift in Sources */,
			);
			runOnlyForDeploymentPostprocessing = 0;
		};
/* End PBXSourcesBuildPhase section */

/* Begin PBXTargetDependency section */
		71E7F6782A0942A1002E042A /* PBXTargetDependency */ = {
			isa = PBXTargetDependency;
			target = 71E7F6652A09429F002E042A /* Private Exchange Rate */;
			targetProxy = 71E7F6772A0942A1002E042A /* PBXContainerItemProxy */;
		};
		71E7F6822A0942A1002E042A /* PBXTargetDependency */ = {
			isa = PBXTargetDependency;
			target = 71E7F6652A09429F002E042A /* Private Exchange Rate */;
			targetProxy = 71E7F6812A0942A1002E042A /* PBXContainerItemProxy */;
		};
		71E7F6AB2A0942E4002E042A /* PBXTargetDependency */ = {
			isa = PBXTargetDependency;
			target = 71E7F6962A0942E3002E042A /* Private ExchangeExtension */;
			targetProxy = 71E7F6AA2A0942E4002E042A /* PBXContainerItemProxy */;
		};
/* End PBXTargetDependency section */

/* Begin XCBuildConfiguration section */
		71E7F6882A0942A1002E042A /* Debug */ = {
			isa = XCBuildConfiguration;
			buildSettings = {
				ALWAYS_SEARCH_USER_PATHS = NO;
				CLANG_ANALYZER_NONNULL = YES;
				CLANG_ANALYZER_NUMBER_OBJECT_CONVERSION = YES_AGGRESSIVE;
				CLANG_CXX_LANGUAGE_STANDARD = "gnu++20";
				CLANG_ENABLE_MODULES = YES;
				CLANG_ENABLE_OBJC_ARC = YES;
				CLANG_ENABLE_OBJC_WEAK = YES;
				CLANG_WARN_BLOCK_CAPTURE_AUTORELEASING = YES;
				CLANG_WARN_BOOL_CONVERSION = YES;
				CLANG_WARN_COMMA = YES;
				CLANG_WARN_CONSTANT_CONVERSION = YES;
				CLANG_WARN_DEPRECATED_OBJC_IMPLEMENTATIONS = YES;
				CLANG_WARN_DIRECT_OBJC_ISA_USAGE = YES_ERROR;
				CLANG_WARN_DOCUMENTATION_COMMENTS = YES;
				CLANG_WARN_EMPTY_BODY = YES;
				CLANG_WARN_ENUM_CONVERSION = YES;
				CLANG_WARN_INFINITE_RECURSION = YES;
				CLANG_WARN_INT_CONVERSION = YES;
				CLANG_WARN_NON_LITERAL_NULL_CONVERSION = YES;
				CLANG_WARN_OBJC_IMPLICIT_RETAIN_SELF = YES;
				CLANG_WARN_OBJC_LITERAL_CONVERSION = YES;
				CLANG_WARN_OBJC_ROOT_CLASS = YES_ERROR;
				CLANG_WARN_QUOTED_INCLUDE_IN_FRAMEWORK_HEADER = YES;
				CLANG_WARN_RANGE_LOOP_ANALYSIS = YES;
				CLANG_WARN_STRICT_PROTOTYPES = YES;
				CLANG_WARN_SUSPICIOUS_MOVE = YES;
				CLANG_WARN_UNGUARDED_AVAILABILITY = YES_AGGRESSIVE;
				CLANG_WARN_UNREACHABLE_CODE = YES;
				CLANG_WARN__DUPLICATE_METHOD_MATCH = YES;
				COPY_PHASE_STRIP = NO;
				DEBUG_INFORMATION_FORMAT = dwarf;
				ENABLE_STRICT_OBJC_MSGSEND = YES;
				ENABLE_TESTABILITY = YES;
				GCC_C_LANGUAGE_STANDARD = gnu11;
				GCC_DYNAMIC_NO_PIC = NO;
				GCC_NO_COMMON_BLOCKS = YES;
				GCC_OPTIMIZATION_LEVEL = 0;
				GCC_PREPROCESSOR_DEFINITIONS = (
					"DEBUG=1",
					"$(inherited)",
				);
				GCC_WARN_64_TO_32_BIT_CONVERSION = YES;
				GCC_WARN_ABOUT_RETURN_TYPE = YES_ERROR;
				GCC_WARN_UNDECLARED_SELECTOR = YES;
				GCC_WARN_UNINITIALIZED_AUTOS = YES_AGGRESSIVE;
				GCC_WARN_UNUSED_FUNCTION = YES;
				GCC_WARN_UNUSED_VARIABLE = YES;
				IPHONEOS_DEPLOYMENT_TARGET = 16.4;
				MTL_ENABLE_DEBUG_INFO = INCLUDE_SOURCE;
				MTL_FAST_MATH = YES;
				ONLY_ACTIVE_ARCH = YES;
				SDKROOT = iphoneos;
				SWIFT_ACTIVE_COMPILATION_CONDITIONS = DEBUG;
				SWIFT_OPTIMIZATION_LEVEL = "-Onone";
			};
			name = Debug;
		};
		71E7F6892A0942A1002E042A /* Release */ = {
			isa = XCBuildConfiguration;
			buildSettings = {
				ALWAYS_SEARCH_USER_PATHS = NO;
				CLANG_ANALYZER_NONNULL = YES;
				CLANG_ANALYZER_NUMBER_OBJECT_CONVERSION = YES_AGGRESSIVE;
				CLANG_CXX_LANGUAGE_STANDARD = "gnu++20";
				CLANG_ENABLE_MODULES = YES;
				CLANG_ENABLE_OBJC_ARC = YES;
				CLANG_ENABLE_OBJC_WEAK = YES;
				CLANG_WARN_BLOCK_CAPTURE_AUTORELEASING = YES;
				CLANG_WARN_BOOL_CONVERSION = YES;
				CLANG_WARN_COMMA = YES;
				CLANG_WARN_CONSTANT_CONVERSION = YES;
				CLANG_WARN_DEPRECATED_OBJC_IMPLEMENTATIONS = YES;
				CLANG_WARN_DIRECT_OBJC_ISA_USAGE = YES_ERROR;
				CLANG_WARN_DOCUMENTATION_COMMENTS = YES;
				CLANG_WARN_EMPTY_BODY = YES;
				CLANG_WARN_ENUM_CONVERSION = YES;
				CLANG_WARN_INFINITE_RECURSION = YES;
				CLANG_WARN_INT_CONVERSION = YES;
				CLANG_WARN_NON_LITERAL_NULL_CONVERSION = YES;
				CLANG_WARN_OBJC_IMPLICIT_RETAIN_SELF = YES;
				CLANG_WARN_OBJC_LITERAL_CONVERSION = YES;
				CLANG_WARN_OBJC_ROOT_CLASS = YES_ERROR;
				CLANG_WARN_QUOTED_INCLUDE_IN_FRAMEWORK_HEADER = YES;
				CLANG_WARN_RANGE_LOOP_ANALYSIS = YES;
				CLANG_WARN_STRICT_PROTOTYPES = YES;
				CLANG_WARN_SUSPICIOUS_MOVE = YES;
				CLANG_WARN_UNGUARDED_AVAILABILITY = YES_AGGRESSIVE;
				CLANG_WARN_UNREACHABLE_CODE = YES;
				CLANG_WARN__DUPLICATE_METHOD_MATCH = YES;
				COPY_PHASE_STRIP = NO;
				DEBUG_INFORMATION_FORMAT = "dwarf-with-dsym";
				ENABLE_NS_ASSERTIONS = NO;
				ENABLE_STRICT_OBJC_MSGSEND = YES;
				GCC_C_LANGUAGE_STANDARD = gnu11;
				GCC_NO_COMMON_BLOCKS = YES;
				GCC_WARN_64_TO_32_BIT_CONVERSION = YES;
				GCC_WARN_ABOUT_RETURN_TYPE = YES_ERROR;
				GCC_WARN_UNDECLARED_SELECTOR = YES;
				GCC_WARN_UNINITIALIZED_AUTOS = YES_AGGRESSIVE;
				GCC_WARN_UNUSED_FUNCTION = YES;
				GCC_WARN_UNUSED_VARIABLE = YES;
				IPHONEOS_DEPLOYMENT_TARGET = 16.4;
				MTL_ENABLE_DEBUG_INFO = NO;
				MTL_FAST_MATH = YES;
				SDKROOT = iphoneos;
				SWIFT_COMPILATION_MODE = wholemodule;
				SWIFT_OPTIMIZATION_LEVEL = "-O";
				VALIDATE_PRODUCT = YES;
			};
			name = Release;
		};
		71E7F68B2A0942A1002E042A /* Debug */ = {
			isa = XCBuildConfiguration;
			buildSettings = {
				ALWAYS_EMBED_SWIFT_STANDARD_LIBRARIES = YES;
				ASSETCATALOG_COMPILER_APPICON_NAME = AppIcon;
				ASSETCATALOG_COMPILER_GLOBAL_ACCENT_COLOR_NAME = AccentColor;
				CODE_SIGN_ENTITLEMENTS = "Private Exchange Rate/Private Exchange Rate.entitlements";
				CODE_SIGN_STYLE = Automatic;
				CURRENT_PROJECT_VERSION = 1;
				DEVELOPMENT_ASSET_PATHS = "\"Private Exchange Rate/Preview Content\"";
				DEVELOPMENT_TEAM = F2MP7G7FM5;
				ENABLE_PREVIEWS = YES;
				GENERATE_INFOPLIST_FILE = YES;
				INFOPLIST_FILE = "Private-Exchange-Rate-Info.plist";
				INFOPLIST_KEY_UIApplicationSceneManifest_Generation = YES;
				INFOPLIST_KEY_UIApplicationSupportsIndirectInputEvents = YES;
				INFOPLIST_KEY_UILaunchScreen_Generation = YES;
				INFOPLIST_KEY_UISupportedInterfaceOrientations_iPad = "UIInterfaceOrientationPortrait UIInterfaceOrientationPortraitUpsideDown UIInterfaceOrientationLandscapeLeft UIInterfaceOrientationLandscapeRight";
				INFOPLIST_KEY_UISupportedInterfaceOrientations_iPhone = "UIInterfaceOrientationPortrait UIInterfaceOrientationLandscapeLeft UIInterfaceOrientationLandscapeRight";
				IPHONEOS_DEPLOYMENT_TARGET = 16.3;
				LD_RUNPATH_SEARCH_PATHS = (
					"$(inherited)",
					"@executable_path/Frameworks",
				);
				MARKETING_VERSION = 1.0;
				PRODUCT_BUNDLE_IDENTIFIER = "com.dimaportenko.privateexchangerate.Private-Exchange-Rate";
				PRODUCT_NAME = "$(TARGET_NAME)";
				SWIFT_EMIT_LOC_STRINGS = YES;
				SWIFT_VERSION = 5.0;
				TARGETED_DEVICE_FAMILY = "1,2";
			};
			name = Debug;
		};
		71E7F68C2A0942A1002E042A /* Release */ = {
			isa = XCBuildConfiguration;
			buildSettings = {
				ALWAYS_EMBED_SWIFT_STANDARD_LIBRARIES = YES;
				ASSETCATALOG_COMPILER_APPICON_NAME = AppIcon;
				ASSETCATALOG_COMPILER_GLOBAL_ACCENT_COLOR_NAME = AccentColor;
				CODE_SIGN_ENTITLEMENTS = "Private Exchange Rate/Private Exchange Rate.entitlements";
				CODE_SIGN_STYLE = Automatic;
				CURRENT_PROJECT_VERSION = 1;
				DEVELOPMENT_ASSET_PATHS = "\"Private Exchange Rate/Preview Content\"";
				DEVELOPMENT_TEAM = F2MP7G7FM5;
				ENABLE_PREVIEWS = YES;
				GENERATE_INFOPLIST_FILE = YES;
				INFOPLIST_FILE = "Private-Exchange-Rate-Info.plist";
				INFOPLIST_KEY_UIApplicationSceneManifest_Generation = YES;
				INFOPLIST_KEY_UIApplicationSupportsIndirectInputEvents = YES;
				INFOPLIST_KEY_UILaunchScreen_Generation = YES;
				INFOPLIST_KEY_UISupportedInterfaceOrientations_iPad = "UIInterfaceOrientationPortrait UIInterfaceOrientationPortraitUpsideDown UIInterfaceOrientationLandscapeLeft UIInterfaceOrientationLandscapeRight";
				INFOPLIST_KEY_UISupportedInterfaceOrientations_iPhone = "UIInterfaceOrientationPortrait UIInterfaceOrientationLandscapeLeft UIInterfaceOrientationLandscapeRight";
				IPHONEOS_DEPLOYMENT_TARGET = 16.3;
				LD_RUNPATH_SEARCH_PATHS = (
					"$(inherited)",
					"@executable_path/Frameworks",
				);
				MARKETING_VERSION = 1.0;
				PRODUCT_BUNDLE_IDENTIFIER = "com.dimaportenko.privateexchangerate.Private-Exchange-Rate";
				PRODUCT_NAME = "$(TARGET_NAME)";
				SWIFT_EMIT_LOC_STRINGS = YES;
				SWIFT_VERSION = 5.0;
				TARGETED_DEVICE_FAMILY = "1,2";
			};
			name = Release;
		};
		71E7F68E2A0942A1002E042A /* Debug */ = {
			isa = XCBuildConfiguration;
			buildSettings = {
				ALWAYS_EMBED_SWIFT_STANDARD_LIBRARIES = YES;
				BUNDLE_LOADER = "$(TEST_HOST)";
				CODE_SIGN_STYLE = Automatic;
				CURRENT_PROJECT_VERSION = 1;
				DEVELOPMENT_TEAM = F2MP7G7FM5;
				GENERATE_INFOPLIST_FILE = YES;
				IPHONEOS_DEPLOYMENT_TARGET = 16.4;
				MARKETING_VERSION = 1.0;
				PRODUCT_BUNDLE_IDENTIFIER = "com.dimaportenko.privateexchangerate.Private-Exchange-RateTests";
				PRODUCT_NAME = "$(TARGET_NAME)";
				SWIFT_EMIT_LOC_STRINGS = NO;
				SWIFT_VERSION = 5.0;
				TARGETED_DEVICE_FAMILY = "1,2";
				TEST_HOST = "$(BUILT_PRODUCTS_DIR)/Private Exchange Rate.app/$(BUNDLE_EXECUTABLE_FOLDER_PATH)/Private Exchange Rate";
			};
			name = Debug;
		};
		71E7F68F2A0942A1002E042A /* Release */ = {
			isa = XCBuildConfiguration;
			buildSettings = {
				ALWAYS_EMBED_SWIFT_STANDARD_LIBRARIES = YES;
				BUNDLE_LOADER = "$(TEST_HOST)";
				CODE_SIGN_STYLE = Automatic;
				CURRENT_PROJECT_VERSION = 1;
				DEVELOPMENT_TEAM = F2MP7G7FM5;
				GENERATE_INFOPLIST_FILE = YES;
				IPHONEOS_DEPLOYMENT_TARGET = 16.4;
				MARKETING_VERSION = 1.0;
				PRODUCT_BUNDLE_IDENTIFIER = "com.dimaportenko.privateexchangerate.Private-Exchange-RateTests";
				PRODUCT_NAME = "$(TARGET_NAME)";
				SWIFT_EMIT_LOC_STRINGS = NO;
				SWIFT_VERSION = 5.0;
				TARGETED_DEVICE_FAMILY = "1,2";
				TEST_HOST = "$(BUILT_PRODUCTS_DIR)/Private Exchange Rate.app/$(BUNDLE_EXECUTABLE_FOLDER_PATH)/Private Exchange Rate";
			};
			name = Release;
		};
		71E7F6912A0942A1002E042A /* Debug */ = {
			isa = XCBuildConfiguration;
			buildSettings = {
				ALWAYS_EMBED_SWIFT_STANDARD_LIBRARIES = YES;
				CODE_SIGN_STYLE = Automatic;
				CURRENT_PROJECT_VERSION = 1;
				DEVELOPMENT_TEAM = F2MP7G7FM5;
				GENERATE_INFOPLIST_FILE = YES;
				MARKETING_VERSION = 1.0;
				PRODUCT_BUNDLE_IDENTIFIER = "com.dimaportenko.privateexchangerate.Private-Exchange-RateUITests";
				PRODUCT_NAME = "$(TARGET_NAME)";
				SWIFT_EMIT_LOC_STRINGS = NO;
				SWIFT_VERSION = 5.0;
				TARGETED_DEVICE_FAMILY = "1,2";
				TEST_TARGET_NAME = "Private Exchange Rate";
			};
			name = Debug;
		};
		71E7F6922A0942A1002E042A /* Release */ = {
			isa = XCBuildConfiguration;
			buildSettings = {
				ALWAYS_EMBED_SWIFT_STANDARD_LIBRARIES = YES;
				CODE_SIGN_STYLE = Automatic;
				CURRENT_PROJECT_VERSION = 1;
				DEVELOPMENT_TEAM = F2MP7G7FM5;
				GENERATE_INFOPLIST_FILE = YES;
				MARKETING_VERSION = 1.0;
				PRODUCT_BUNDLE_IDENTIFIER = "com.dimaportenko.privateexchangerate.Private-Exchange-RateUITests";
				PRODUCT_NAME = "$(TARGET_NAME)";
				SWIFT_EMIT_LOC_STRINGS = NO;
				SWIFT_VERSION = 5.0;
				TARGETED_DEVICE_FAMILY = "1,2";
				TEST_TARGET_NAME = "Private Exchange Rate";
			};
			name = Release;
		};
		71E7F6AE2A0942E4002E042A /* Debug */ = {
			isa = XCBuildConfiguration;
			buildSettings = {
				ASSETCATALOG_COMPILER_GLOBAL_ACCENT_COLOR_NAME = AccentColor;
				ASSETCATALOG_COMPILER_WIDGET_BACKGROUND_COLOR_NAME = WidgetBackground;
				CODE_SIGN_ENTITLEMENTS = "Private ExchangeExtension.entitlements";
				CODE_SIGN_STYLE = Automatic;
				CURRENT_PROJECT_VERSION = 1;
				DEVELOPMENT_TEAM = F2MP7G7FM5;
				GENERATE_INFOPLIST_FILE = YES;
				INFOPLIST_FILE = "Private Exchange/Info.plist";
				INFOPLIST_KEY_CFBundleDisplayName = "Private Exchange";
				INFOPLIST_KEY_NSHumanReadableCopyright = "";
				IPHONEOS_DEPLOYMENT_TARGET = 16.3;
				LD_RUNPATH_SEARCH_PATHS = (
					"$(inherited)",
					"@executable_path/Frameworks",
					"@executable_path/../../Frameworks",
				);
				MARKETING_VERSION = 1.0;
				PRODUCT_BUNDLE_IDENTIFIER = "com.dimaportenko.privateexchangerate.Private-Exchange-Rate.Private-Exchange";
				PRODUCT_NAME = "$(TARGET_NAME)";
				SKIP_INSTALL = YES;
				SWIFT_EMIT_LOC_STRINGS = YES;
				SWIFT_VERSION = 5.0;
				TARGETED_DEVICE_FAMILY = "1,2";
			};
			name = Debug;
		};
		71E7F6AF2A0942E4002E042A /* Release */ = {
			isa = XCBuildConfiguration;
			buildSettings = {
				ASSETCATALOG_COMPILER_GLOBAL_ACCENT_COLOR_NAME = AccentColor;
				ASSETCATALOG_COMPILER_WIDGET_BACKGROUND_COLOR_NAME = WidgetBackground;
				CODE_SIGN_ENTITLEMENTS = "Private ExchangeExtension.entitlements";
				CODE_SIGN_STYLE = Automatic;
				CURRENT_PROJECT_VERSION = 1;
				DEVELOPMENT_TEAM = F2MP7G7FM5;
				GENERATE_INFOPLIST_FILE = YES;
				INFOPLIST_FILE = "Private Exchange/Info.plist";
				INFOPLIST_KEY_CFBundleDisplayName = "Private Exchange";
				INFOPLIST_KEY_NSHumanReadableCopyright = "";
				IPHONEOS_DEPLOYMENT_TARGET = 16.3;
				LD_RUNPATH_SEARCH_PATHS = (
					"$(inherited)",
					"@executable_path/Frameworks",
					"@executable_path/../../Frameworks",
				);
				MARKETING_VERSION = 1.0;
				PRODUCT_BUNDLE_IDENTIFIER = "com.dimaportenko.privateexchangerate.Private-Exchange-Rate.Private-Exchange";
				PRODUCT_NAME = "$(TARGET_NAME)";
				SKIP_INSTALL = YES;
				SWIFT_EMIT_LOC_STRINGS = YES;
				SWIFT_VERSION = 5.0;
				TARGETED_DEVICE_FAMILY = "1,2";
			};
			name = Release;
		};
/* End XCBuildConfiguration section */

/* Begin XCConfigurationList section */
		71E7F6612A09429F002E042A /* Build configuration list for PBXProject "Private Exchange Rate" */ = {
			isa = XCConfigurationList;
			buildConfigurations = (
				71E7F6882A0942A1002E042A /* Debug */,
				71E7F6892A0942A1002E042A /* Release */,
			);
			defaultConfigurationIsVisible = 0;
			defaultConfigurationName = Release;
		};
		71E7F68A2A0942A1002E042A /* Build configuration list for PBXNativeTarget "Private Exchange Rate" */ = {
			isa = XCConfigurationList;
			buildConfigurations = (
				71E7F68B2A0942A1002E042A /* Debug */,
				71E7F68C2A0942A1002E042A /* Release */,
			);
			defaultConfigurationIsVisible = 0;
			defaultConfigurationName = Release;
		};
		71E7F68D2A0942A1002E042A /* Build configuration list for PBXNativeTarget "Private Exchange RateTests" */ = {
			isa = XCConfigurationList;
			buildConfigurations = (
				71E7F68E2A0942A1002E042A /* Debug */,
				71E7F68F2A0942A1002E042A /* Release */,
			);
			defaultConfigurationIsVisible = 0;
			defaultConfigurationName = Release;
		};
		71E7F6902A0942A1002E042A /* Build configuration list for PBXNativeTarget "Private Exchange RateUITests" */ = {
			isa = XCConfigurationList;
			buildConfigurations = (
				71E7F6912A0942A1002E042A /* Debug */,
				71E7F6922A0942A1002E042A /* Release */,
			);
			defaultConfigurationIsVisible = 0;
			defaultConfigurationName = Release;
		};
		71E7F6AD2A0942E4002E042A /* Build configuration list for PBXNativeTarget "Private ExchangeExtension" */ = {
			isa = XCConfigurationList;
			buildConfigurations = (
				71E7F6AE2A0942E4002E042A /* Debug */,
				71E7F6AF2A0942E4002E042A /* Release */,
			);
			defaultConfigurationIsVisible = 0;
			defaultConfigurationName = Release;
		};
/* End XCConfigurationList section */

/* Begin XCRemoteSwiftPackageReference section */
		71E7F6B12A0943E2002E042A /* XCRemoteSwiftPackageReference "Alamofire" */ = {
			isa = XCRemoteSwiftPackageReference;
			repositoryURL = "https://github.com/Alamofire/Alamofire.git";
			requirement = {
				kind = upToNextMajorVersion;
				minimumVersion = 5.0.0;
			};
		};
/* End XCRemoteSwiftPackageReference section */

/* Begin XCSwiftPackageProductDependency section */
		71E7F6B22A0943E2002E042A /* Alamofire */ = {
			isa = XCSwiftPackageProductDependency;
			package = 71E7F6B12A0943E2002E042A /* XCRemoteSwiftPackageReference "Alamofire" */;
			productName = Alamofire;
		};
		71E7F6BA2A0953B8002E042A /* Alamofire */ = {
			isa = XCSwiftPackageProductDependency;
			package = 71E7F6B12A0943E2002E042A /* XCRemoteSwiftPackageReference "Alamofire" */;
			productName = Alamofire;
		};
/* End XCSwiftPackageProductDependency section */

/* Begin XCVersionGroup section */
		71B5A2092A0AD9BE008584B6 /* CurrencyRateModel.xcdatamodeld */ = {
			isa = XCVersionGroup;
			children = (
				71B5A20A2A0AD9BE008584B6 /* CurrencyRateModel.xcdatamodel */,
			);
			currentVersion = 71B5A20A2A0AD9BE008584B6 /* CurrencyRateModel.xcdatamodel */;
			path = CurrencyRateModel.xcdatamodeld;
			sourceTree = "<group>";
			versionGroupType = wrapper.xcdatamodel;
		};
/* End XCVersionGroup section */
	};
	rootObject = 71E7F65E2A09429F002E042A /* Project object */;
}
